{
  "version": "5",
  "specifiers": {
    "jsr:@std/crypto@^1.0.3": "1.0.5",
    "jsr:@std/encoding@^1.0.5": "1.0.10",
    "jsr:@std/fmt@^1.0.8": "1.0.8",
    "npm:@twind/core@^1.1.3": "1.1.3",
    "npm:@twind/preset-autoprefix@^1.0.7": "1.0.7_@twind+core@1.1.3",
    "npm:@twind/preset-tailwind@^1.1.4": "1.1.4_@twind+core@1.1.3"
  },
  "jsr": {
    "@std/crypto@1.0.5": {
      "integrity": "0dcfbb319fe0bba1bd3af904ceb4f948cde1b92979ec1614528380ed308a3b40"
    },
    "@std/encoding@1.0.10": {
      "integrity": "8783c6384a2d13abd5e9e87a7ae0520a30e9f56aeeaa3bdf910a3eaaf5c811a1"
    },
    "@std/fmt@1.0.8": {
      "integrity": "71e1fc498787e4434d213647a6e43e794af4fd393ef8f52062246e06f7e372b7"
    }
  },
  "npm": {
    "@twind/core@1.1.3": {
      "integrity": "sha512-/B/aNFerMb2IeyjSJy3SJxqVxhrT77gBDknLMiZqXIRr4vNJqiuhx7KqUSRzDCwUmyGuogkamz+aOLzN6MeSLw==",
      "dependencies": [
        "csstype"
      ],
      "tarball": "https://registry.npmmirror.com/@twind/core/-/core-1.1.3.tgz"
    },
    "@twind/preset-autoprefix@1.0.7_@twind+core@1.1.3": {
      "integrity": "sha512-3wmHO0pG/CVxYBNZUV0tWcL7CP0wD5KpyWAQE/KOalWmOVBj+nH6j3v6Y3I3pRuMFaG5DC78qbYbhA1O11uG3w==",
      "dependencies": [
        "@twind/core",
        "style-vendorizer"
      ],
      "tarball": "https://registry.npmmirror.com/@twind/preset-autoprefix/-/preset-autoprefix-1.0.7.tgz"
    },
    "@twind/preset-tailwind@1.1.4_@twind+core@1.1.3": {
      "integrity": "sha512-zv85wrP/DW4AxgWrLfH7kyGn/KJF3K04FMLVl2AjoxZGYdCaoZDkL8ma3hzaKQ+WGgBFRubuB/Ku2Rtv/wjzVw==",
      "dependencies": [
        "@twind/core"
      ],
      "tarball": "https://registry.npmmirror.com/@twind/preset-tailwind/-/preset-tailwind-1.1.4.tgz"
    },
    "csstype@3.1.3": {
      "integrity": "sha512-M1uQkMl8rQK/szD0LNhtqxIPLpimGm8sOBwU7lLnCpSbTyY3yeU1Vc7l4KT5zT4s/yOxHH5O7tIuuLOCnLADRw==",
      "tarball": "https://registry.npmmirror.com/csstype/-/csstype-3.1.3.tgz"
    },
    "style-vendorizer@2.2.3": {
      "integrity": "sha512-/VDRsWvQAgspVy9eATN3z6itKTuyg+jW1q6UoTCQCFRqPDw8bi3E1hXIKnGw5LvXS2AQPuJ7Af4auTLYeBOLEg==",
      "tarball": "https://registry.npmmirror.com/style-vendorizer/-/style-vendorizer-2.2.3.tgz"
    }
  },
  "redirects": {
    "https://deno.land/std/cli/mod.ts": "https://deno.land/std@0.224.0/cli/mod.ts"
  },
  "remote": {
    "https://deno.land/std@0.224.0/assert/assert.ts": "09d30564c09de846855b7b071e62b5974b001bb72a4b797958fe0660e7849834",
    "https://deno.land/std@0.224.0/assert/assertion_error.ts": "ba8752bd27ebc51f723702fac2f54d3e94447598f54264a6653d6413738a8917",
    "https://deno.land/std@0.224.0/cli/_data.json": "cf2cc9d039a192b3adbfe64627167c7e6212704c888c25c769fc8f1709e1e1b8",
    "https://deno.land/std@0.224.0/cli/_run_length.ts": "7da8642a0f4f41ac27c0adb1364e18886be856c1d08c5cce6c6b5c00543c8722",
    "https://deno.land/std@0.224.0/cli/mod.ts": "9548eaf4fefac2ab9b02e0f8e4de8a08cac5d24b721a6019452efec172b59de3",
    "https://deno.land/std@0.224.0/cli/parse_args.ts": "5250832fb7c544d9111e8a41ad272c016f5a53f975ef84d5a9fe5fcb70566ece",
    "https://deno.land/std@0.224.0/cli/prompt_secret.ts": "3b2f95214422226482fba4a00cb25441475b6f97069a6f70f442c1c9a16c744c",
    "https://deno.land/std@0.224.0/cli/spinner.ts": "cf873605771270b4324cc063b5031ab250d8efee8799e45e1a3bfdd333ff721d",
    "https://deno.land/std@0.224.0/cli/unicode_width.ts": "656dd4271ecc90684b6bf23a5fb8c1cf833da625ef2906b61273ad617038072f"
  },
  "workspace": {
    "dependencies": [
      "jsr:@std/crypto@^1.0.3",
      "jsr:@std/encoding@^1.0.5",
      "jsr:@std/fmt@^1.0.8",
      "npm:@twind/core@^1.1.3",
      "npm:@twind/preset-autoprefix@^1.0.7",
      "npm:@twind/preset-tailwind@^1.1.4"
    ]
  }
}
